{
    "_meta": {
        "hash": {
            "sha256": "a3c6d1d390927ea6c9314976c10c4863eecbe0107e12f6be9fd263a4f3d50f03"
        },
        "pipfile-spec": 6,
        "requires": {
            "python_version": "3.11"
        },
        "sources": [
            {
                "name": "pypi",
                "url": "https://pypi.org/simple",
                "verify_ssl": true
            }
        ]
    },
    "default": {
        "slack-sdk": {
            "hashes": [
                "sha256:af97158e6ac7f667e158e8036e63dc1f79db9bd36216a33c10fcc49be7c2f30c",
                "sha256:bb145bf2bd93b60a17cd55c05cb15868c9a07d845b6fb608c798b50bce21cb99"
            ],
            "index": "pypi",
            "markers": "python_version >= '3.6'",
            "version": "==3.27.2"
        }
    },
    "develop": {}
}
